# This file is autogenerated, do not edit; changes may be undone by the next 'dep ensure'.


[[projects]]
  branch = "master"
  name = "golang.org/x/tour"
  packages = ["tree"]
  revision = "c07e9bc1ad7c13674e98a575297716ffdd07c414"

[solve-meta]
  analyzer-name = "dep"
  analyzer-version = 1
  inputs-digest = "f3c50c8c51e586f8e1f6eb7a6b7acf5e80ee7dea283fadb36084075471779092"
  solver-name = "gps-cdcl"
  solver-version = 1
